
Microsoft Visual Studio Solution File, Format Version 12.00
# Visual Studio Version 17
VisualStudioVersion = 17.3.32922.545
MinimumVisualStudioVersion = 10.0.40219.1
Project("{FAE04EC0-301F-11D3-BF4B-00C04F79EFBC}") = "14. Shuffling cards .15", "14. Shuffling cards .15.csproj", "{6EC1D45E-14FD-4ACA-9525-B3FBE535B27B}"
EndProject
Global
	GlobalSection(SolutionConfigurationPlatforms) = preSolution
		Debug|Any CPU = Debug|Any CPU
		Release|Any CPU = Release|Any CPU
	EndGlobalSection
	GlobalSection(ProjectConfigurationPlatforms) = postSolution
		{6EC1D45E-14FD-4ACA-9525-B3FBE535B27B}.Debug|Any CPU.ActiveCfg = Debug|Any CPU
		{6EC1D45E-14FD-4ACA-9525-B3FBE535B27B}.Debug|Any CPU.Build.0 = Debug|Any CPU
		{6EC1D45E-14FD-4ACA-9525-B3FBE535B27B}.Release|Any CPU.ActiveCfg = Release|Any CPU
		{6EC1D45E-14FD-4ACA-9525-B3FBE535B27B}.Release|Any CPU.Build.0 = Release|Any CPU
	EndGlobalSection
	GlobalSection(SolutionProperties) = preSolution
		HideSolutionNode = FALSE
	EndGlobalSection
	GlobalSection(ExtensibilityGlobals) = postSolution
		SolutionGuid = {4BA8E475-7DB4-44D2-92CB-F4B14354A2D9}
	EndGlobalSection
EndGlobal
